// !$*UTF8*$!
{
	archiveVersion = 1;
	classes = {
	};
	objectVersion = 50;
	objects = {

/* Begin PBXBuildFile section */
		114F2D2625997F10000FD43C /* AppDelegate.swift in Sources */ = {isa = PBXBuildFile; fileRef = 114F2D2525997F10000FD43C /* AppDelegate.swift */; };
		114F2D2825997F10000FD43C /* SceneDelegate.swift in Sources */ = {isa = PBXBuildFile; fileRef = 114F2D2725997F10000FD43C /* SceneDelegate.swift */; };
		114F2D2A25997F10000FD43C /* ViewController.swift in Sources */ = {isa = PBXBuildFile; fileRef = 114F2D2925997F10000FD43C /* ViewController.swift */; };
		114F2D2D25997F10000FD43C /* Main.storyboard in Resources */ = {isa = PBXBuildFile; fileRef = 114F2D2B25997F10000FD43C /* Main.storyboard */; };
		114F2D3025997F10000FD43C /* DYZB.xcdatamodeld in Sources */ = {isa = PBXBuildFile; fileRef = 114F2D2E25997F10000FD43C /* DYZB.xcdatamodeld */; };
		114F2D3225997F12000FD43C /* Assets.xcassets in Resources */ = {isa = PBXBuildFile; fileRef = 114F2D3125997F12000FD43C /* Assets.xcassets */; };
		114F2D3525997F12000FD43C /* LaunchScreen.storyboard in Resources */ = {isa = PBXBuildFile; fileRef = 114F2D3325997F12000FD43C /* LaunchScreen.storyboard */; };
		114F2D4025997F12000FD43C /* DYZBTests.swift in Sources */ = {isa = PBXBuildFile; fileRef = 114F2D3F25997F12000FD43C /* DYZBTests.swift */; };
		114F2D4B25997F13000FD43C /* DYZBUITests.swift in Sources */ = {isa = PBXBuildFile; fileRef = 114F2D4A25997F13000FD43C /* DYZBUITests.swift */; };
/* End PBXBuildFile section */

/* Begin PBXContainerItemProxy section */
		114F2D3C25997F12000FD43C /* PBXContainerItemProxy */ = {
			isa = PBXContainerItemProxy;
			containerPortal = 114F2D1A25997F10000FD43C /* Project object */;
			proxyType = 1;
			remoteGlobalIDString = 114F2D2125997F10000FD43C;
			remoteInfo = DYZB;
		};
		114F2D4725997F13000FD43C /* PBXContainerItemProxy */ = {
			isa = PBXContainerItemProxy;
			containerPortal = 114F2D1A25997F10000FD43C /* Project object */;
			proxyType = 1;
			remoteGlobalIDString = 114F2D2125997F10000FD43C;
			remoteInfo = DYZB;
		};
/* End PBXContainerItemProxy section */

/* Begin PBXFileReference section */
		114F2D2225997F10000FD43C /* DYZB.app */ = {isa = PBXFileReference; explicitFileType = wrapper.application; includeInIndex = 0; path = DYZB.app; sourceTree = BUILT_PRODUCTS_DIR; };
		114F2D2525997F10000FD43C /* AppDelegate.swift */ = {isa = PBXFileReference; lastKnownFileType = sourcecode.swift; path = AppDelegate.swift; sourceTree = "<group>"; };
		114F2D2725997F10000FD43C /* SceneDelegate.swift */ = {isa = PBXFileReference; lastKnownFileType = sourcecode.swift; path = SceneDelegate.swift; sourceTree = "<group>"; };
		114F2D2925997F10000FD43C /* ViewController.swift */ = {isa = PBXFileReference; lastKnownFileType = sourcecode.swift; path = ViewController.swift; sourceTree = "<group>"; };
		114F2D2C25997F10000FD43C /* Base */ = {isa = PBXFileReference; lastKnownFileType = file.storyboard; name = Base; path = Base.lproj/Main.storyboard; sourceTree = "<group>"; };
		114F2D2F25997F10000FD43C /* DYZB.xcdatamodel */ = {isa = PBXFileReference; lastKnownFileType = wrapper.xcdatamodel; path = DYZB.xcdatamodel; sourceTree = "<group>"; };
		114F2D3125997F12000FD43C /* Assets.xcassets */ = {isa = PBXFileReference; lastKnownFileType = folder.assetcatalog; path = Assets.xcassets; sourceTree = "<group>"; };
		114F2D3425997F12000FD43C /* Base */ = {isa = PBXFileReference; lastKnownFileType = file.storyboard; name = Base; path = Base.lproj/LaunchScreen.storyboard; sourceTree = "<group>"; };
		114F2D3625997F12000FD43C /* Info.plist */ = {isa = PBXFileReference; lastKnownFileType = text.plist.xml; path = Info.plist; sourceTree = "<group>"; };
		114F2D3B25997F12000FD43C /* DYZBTests.xctest */ = {isa = PBXFileReference; explicitFileType = wrapper.cfbundle; includeInIndex = 0; path = DYZBTests.xctest; sourceTree = BUILT_PRODUCTS_DIR; };
		114F2D3F25997F12000FD43C /* DYZBTests.swift */ = {isa = PBXFileReference; lastKnownFileType = sourcecode.swift; path = DYZBTests.swift; sourceTree = "<group>"; };
		114F2D4125997F12000FD43C /* Info.plist */ = {isa = PBXFileReference; lastKnownFileType = text.plist.xml; path = Info.plist; sourceTree = "<group>"; };
		114F2D4625997F13000FD43C /* DYZBUITests.xctest */ = {isa = PBXFileReference; explicitFileType = wrapper.cfbundle; includeInIndex = 0; path = DYZBUITests.xctest; sourceTree = BUILT_PRODUCTS_DIR; };
		114F2D4A25997F13000FD43C /* DYZBUITests.swift */ = {isa = PBXFileReference; lastKnownFileType = sourcecode.swift; path = DYZBUITests.swift; sourceTree = "<group>"; };
		114F2D4C25997F13000FD43C /* Info.plist */ = {isa = PBXFileReference; lastKnownFileType = text.plist.xml; path = Info.plist; sourceTree = "<group>"; };
/* End PBXFileReference section */

/* Begin PBXFrameworksBuildPhase section */
		114F2D1F25997F10000FD43C /* Frameworks */ = {
			isa = PBXFrameworksBuildPhase;
			buildActionMask = 2147483647;
			files = (
			);
			runOnlyForDeploymentPostprocessing = 0;
		};
		114F2D3825997F12000FD43C /* Frameworks */ = {
			isa = PBXFrameworksBuildPhase;
			buildActionMask = 2147483647;
			files = (
			);
			runOnlyForDeploymentPostprocessing = 0;
		};
		114F2D4325997F13000FD43C /* Frameworks */ = {
			isa = PBXFrameworksBuildPhase;
			buildActionMask = 2147483647;
			files = (
			);
			runOnlyForDeploymentPostprocessing = 0;
		};
/* End PBXFrameworksBuildPhase section */

/* Begin PBXGroup section */
		114F2D1925997F10000FD43C = {
			isa = PBXGroup;
			children = (
				114F2D2425997F10000FD43C /* DYZB */,
				114F2D3E25997F12000FD43C /* DYZBTests */,
				114F2D4925997F13000FD43C /* DYZBUITests */,
				114F2D2325997F10000FD43C /* Products */,
			);
			sourceTree = "<group>";
		};
		114F2D2325997F10000FD43C /* Products */ = {
			isa = PBXGroup;
			children = (
				114F2D2225997F10000FD43C /* DYZB.app */,
				114F2D3B25997F12000FD43C /* DYZBTests.xctest */,
				114F2D4625997F13000FD43C /* DYZBUITests.xctest */,
			);
			name = Products;
			sourceTree = "<group>";
		};
		114F2D2425997F10000FD43C /* DYZB */ = {
			isa = PBXGroup;
			children = (
				1155CDD02599B46800745F9F /* Classes */,
				114F2D2525997F10000FD43C /* AppDelegate.swift */,
				114F2D2725997F10000FD43C /* SceneDelegate.swift */,
				114F2D2925997F10000FD43C /* ViewController.swift */,
				114F2D2B25997F10000FD43C /* Main.storyboard */,
				114F2D3125997F12000FD43C /* Assets.xcassets */,
				114F2D3325997F12000FD43C /* LaunchScreen.storyboard */,
				114F2D3625997F12000FD43C /* Info.plist */,
				114F2D2E25997F10000FD43C /* DYZB.xcdatamodeld */,
			);
			path = DYZB;
			sourceTree = "<group>";
		};
		114F2D3E25997F12000FD43C /* DYZBTests */ = {
			isa = PBXGroup;
			children = (
				114F2D3F25997F12000FD43C /* DYZBTests.swift */,
				114F2D4125997F12000FD43C /* Info.plist */,
			);
			path = DYZBTests;
			sourceTree = "<group>";
		};
		114F2D4925997F13000FD43C /* DYZBUITests */ = {
			isa = PBXGroup;
			children = (
				114F2D4A25997F13000FD43C /* DYZBUITests.swift */,
				114F2D4C25997F13000FD43C /* Info.plist */,
			);
			path = DYZBUITests;
			sourceTree = "<group>";
		};
		1155CDD02599B46800745F9F /* Classes */ = {
			isa = PBXGroup;
			children = (
				1155CDD62599B4B300745F9F /* Profile */,
				1155CDD22599B47D00745F9F /* Main */,
				1155CDD52599B49D00745F9F /* Home */,
				1155CDD42599B48C00745F9F /* Follow */,
				1155CDD32599B48300745F9F /* Tools */,
				1155CDD12599B47600745F9F /* Live */,
			);
			path = Classes;
			sourceTree = "<group>";
		};
		1155CDD12599B47600745F9F /* Live */ = {
			isa = PBXGroup;
			children = (
			);
			path = Live;
			sourceTree = "<group>";
		};
		1155CDD22599B47D00745F9F /* Main */ = {
			isa = PBXGroup;
			children = (
			);
			path = Main;
			sourceTree = "<group>";
		};
		1155CDD32599B48300745F9F /* Tools */ = {
			isa = PBXGroup;
			children = (
			);
			path = Tools;
			sourceTree = "<group>";
		};
		1155CDD42599B48C00745F9F /* Follow */ = {
			isa = PBXGroup;
			children = (
			);
			path = Follow;
			sourceTree = "<group>";
		};
		1155CDD52599B49D00745F9F /* Home */ = {
			isa = PBXGroup;
			children = (
			);
			path = Home;
			sourceTree = "<group>";
		};
		1155CDD62599B4B300745F9F /* Profile */ = {
			isa = PBXGroup;
			children = (
			);
			path = Profile;
			sourceTree = "<group>";
		};
/* End PBXGroup section */

/* Begin PBXNativeTarget section */
		114F2D2125997F10000FD43C /* DYZB */ = {
			isa = PBXNativeTarget;
			buildConfigurationList = 114F2D4F25997F13000FD43C /* Build configuration list for PBXNativeTarget "DYZB" */;
			buildPhases = (
				114F2D1E25997F10000FD43C /* Sources */,
				114F2D1F25997F10000FD43C /* Frameworks */,
				114F2D2025997F10000FD43C /* Resources */,
			);
			buildRules = (
			);
			dependencies = (
			);
			name = DYZB;
			productName = DYZB;
			productReference = 114F2D2225997F10000FD43C /* DYZB.app */;
			productType = "com.apple.product-type.application";
		};
		114F2D3A25997F12000FD43C /* DYZBTests */ = {
			isa = PBXNativeTarget;
			buildConfigurationList = 114F2D5225997F13000FD43C /* Build configuration list for PBXNativeTarget "DYZBTests" */;
			buildPhases = (
				114F2D3725997F12000FD43C /* Sources */,
				114F2D3825997F12000FD43C /* Frameworks */,
				114F2D3925997F12000FD43C /* Resources */,
			);
			buildRules = (
			);
			dependencies = (
				114F2D3D25997F12000FD43C /* PBXTargetDependency */,
			);
			name = DYZBTests;
			productName = DYZBTests;
			productReference = 114F2D3B25997F12000FD43C /* DYZBTests.xctest */;
			productType = "com.apple.product-type.bundle.unit-test";
		};
		114F2D4525997F13000FD43C /* DYZBUITests */ = {
			isa = PBXNativeTarget;
			buildConfigurationList = 114F2D5525997F13000FD43C /* Build configuration list for PBXNativeTarget "DYZBUITests" */;
			buildPhases = (
				114F2D4225997F13000FD43C /* Sources */,
				114F2D4325997F13000FD43C /* Frameworks */,
				114F2D4425997F13000FD43C /* Resources */,
			);
			buildRules = (
			);
			dependencies = (
				114F2D4825997F13000FD43C /* PBXTargetDependency */,
			);
			name = DYZBUITests;
			productName = DYZBUITests;
			productReference = 114F2D4625997F13000FD43C /* DYZBUITests.xctest */;
			productType = "com.apple.product-type.bundle.ui-testing";
		};
/* End PBXNativeTarget section */

/* Begin PBXProject section */
		114F2D1A25997F10000FD43C /* Project object */ = {
			isa = PBXProject;
			attributes = {
				LastSwiftUpdateCheck = 1230;
				LastUpgradeCheck = 1230;
				TargetAttributes = {
					114F2D2125997F10000FD43C = {
						CreatedOnToolsVersion = 12.3;
					};
					114F2D3A25997F12000FD43C = {
						CreatedOnToolsVersion = 12.3;
						TestTargetID = 114F2D2125997F10000FD43C;
					};
					114F2D4525997F13000FD43C = {
						CreatedOnToolsVersion = 12.3;
						TestTargetID = 114F2D2125997F10000FD43C;
					};
				};
			};
			buildConfigurationList = 114F2D1D25997F10000FD43C /* Build configuration list for PBXProject "DYZB" */;
			compatibilityVersion = "Xcode 9.3";
			developmentRegion = en;
			hasScannedForEncodings = 0;
			knownRegions = (
				en,
				Base,
			);
			mainGroup = 114F2D1925997F10000FD43C;
			productRefGroup = 114F2D2325997F10000FD43C /* Products */;
			projectDirPath = "";
			projectRoot = "";
			targets = (
				114F2D2125997F10000FD43C /* DYZB */,
				114F2D3A25997F12000FD43C /* DYZBTests */,
				114F2D4525997F13000FD43C /* DYZBUITests */,
			);
		};
/* End PBXProject section */

/* Begin PBXResourcesBuildPhase section */
		114F2D2025997F10000FD43C /* Resources */ = {
			isa = PBXResourcesBuildPhase;
			buildActionMask = 2147483647;
			files = (
				114F2D3525997F12000FD43C /* LaunchScreen.storyboard in Resources */,
				114F2D3225997F12000FD43C /* Assets.xcassets in Resources */,
				114F2D2D25997F10000FD43C /* Main.storyboard in Resources */,
			);
			runOnlyForDeploymentPostprocessing = 0;
		};
		114F2D3925997F12000FD43C /* Resources */ = {
			isa = PBXResourcesBuildPhase;
			buildActionMask = 2147483647;
			files = (
			);
			runOnlyForDeploymentPostprocessing = 0;
		};
		114F2D4425997F13000FD43C /* Resources */ = {
			isa = PBXResourcesBuildPhase;
			buildActionMask = 2147483647;
			files = (
			);
			runOnlyForDeploymentPostprocessing = 0;
		};
/* End PBXResourcesBuildPhase section */

/* Begin PBXSourcesBuildPhase section */
		114F2D1E25997F10000FD43C /* Sources */ = {
			isa = PBXSourcesBuildPhase;
			buildActionMask = 2147483647;
			files = (
				114F2D2A25997F10000FD43C /* ViewController.swift in Sources */,
				114F2D2625997F10000FD43C /* AppDelegate.swift in Sources */,
				114F2D3025997F10000FD43C /* DYZB.xcdatamodeld in Sources */,
				114F2D2825997F10000FD43C /* SceneDelegate.swift in Sources */,
			);
			runOnlyForDeploymentPostprocessing = 0;
		};
		114F2D3725997F12000FD43C /* Sources */ = {
			isa = PBXSourcesBuildPhase;
			buildActionMask = 2147483647;
			files = (
				114F2D4025997F12000FD43C /* DYZBTests.swift in Sources */,
			);
			runOnlyForDeploymentPostprocessing = 0;
		};
		114F2D4225997F13000FD43C /* Sources */ = {
			isa = PBXSourcesBuildPhase;
			buildActionMask = 2147483647;
			files = (
				114F2D4B25997F13000FD43C /* DYZBUITests.swift in Sources */,
			);
			runOnlyForDeploymentPostprocessing = 0;
		};
/* End PBXSourcesBuildPhase section */

/* Begin PBXTargetDependency section */
		114F2D3D25997F12000FD43C /* PBXTargetDependency */ = {
			isa = PBXTargetDependency;
			target = 114F2D2125997F10000FD43C /* DYZB */;
			targetProxy = 114F2D3C25997F12000FD43C /* PBXContainerItemProxy */;
		};
		114F2D4825997F13000FD43C /* PBXTargetDependency */ = {
			isa = PBXTargetDependency;
			target = 114F2D2125997F10000FD43C /* DYZB */;
			targetProxy = 114F2D4725997F13000FD43C /* PBXContainerItemProxy */;
		};
/* End PBXTargetDependency section */

/* Begin PBXVariantGroup section */
		114F2D2B25997F10000FD43C /* Main.storyboard */ = {
			isa = PBXVariantGroup;
			children = (
				114F2D2C25997F10000FD43C /* Base */,
			);
			name = Main.storyboard;
			sourceTree = "<group>";
		};
		114F2D3325997F12000FD43C /* LaunchScreen.storyboard */ = {
			isa = PBXVariantGroup;
			children = (
				114F2D3425997F12000FD43C /* Base */,
			);
			name = LaunchScreen.storyboard;
			sourceTree = "<group>";
		};
/* End PBXVariantGroup section */

/* Begin XCBuildConfiguration section */
		114F2D4D25997F13000FD43C /* Debug */ = {
			isa = XCBuildConfiguration;
			buildSettings = {
				ALWAYS_SEARCH_USER_PATHS = NO;
				CLANG_ANALYZER_NONNULL = YES;
				CLANG_ANALYZER_NUMBER_OBJECT_CONVERSION = YES_AGGRESSIVE;
				CLANG_CXX_LANGUAGE_STANDARD = "gnu++14";
				CLANG_CXX_LIBRARY = "libc++";
				CLANG_ENABLE_MODULES = YES;
				CLANG_ENABLE_OBJC_ARC = YES;
				CLANG_ENABLE_OBJC_WEAK = YES;
				CLANG_WARN_BLOCK_CAPTURE_AUTORELEASING = YES;
				CLANG_WARN_BOOL_CONVERSION = YES;
				CLANG_WARN_COMMA = YES;
				CLANG_WARN_CONSTANT_CONVERSION = YES;
				CLANG_WARN_DEPRECATED_OBJC_IMPLEMENTATIONS = YES;
				CLANG_WARN_DIRECT_OBJC_ISA_USAGE = YES_ERROR;
				CLANG_WARN_DOCUMENTATION_COMMENTS = YES;
				CLANG_WARN_EMPTY_BODY = YES;
				CLANG_WARN_ENUM_CONVERSION = YES;
				CLANG_WARN_INFINITE_RECURSION = YES;
				CLANG_WARN_INT_CONVERSION = YES;
				CLANG_WARN_NON_LITERAL_NULL_CONVERSION = YES;
				CLANG_WARN_OBJC_IMPLICIT_RETAIN_SELF = YES;
				CLANG_WARN_OBJC_LITERAL_CONVERSION = YES;
				CLANG_WARN_OBJC_ROOT_CLASS = YES_ERROR;
				CLANG_WARN_QUOTED_INCLUDE_IN_FRAMEWORK_HEADER = YES;
				CLANG_WARN_RANGE_LOOP_ANALYSIS = YES;
				CLANG_WARN_STRICT_PROTOTYPES = YES;
				CLANG_WARN_SUSPICIOUS_MOVE = YES;
				CLANG_WARN_UNGUARDED_AVAILABILITY = YES_AGGRESSIVE;
				CLANG_WARN_UNREACHABLE_CODE = YES;
				CLANG_WARN__DUPLICATE_METHOD_MATCH = YES;
				COPY_PHASE_STRIP = NO;
				DEBUG_INFORMATION_FORMAT = dwarf;
				ENABLE_STRICT_OBJC_MSGSEND = YES;
				ENABLE_TESTABILITY = YES;
				GCC_C_LANGUAGE_STANDARD = gnu11;
				GCC_DYNAMIC_NO_PIC = NO;
				GCC_NO_COMMON_BLOCKS = YES;
				GCC_OPTIMIZATION_LEVEL = 0;
				GCC_PREPROCESSOR_DEFINITIONS = (
					"DEBUG=1",
					"$(inherited)",
				);
				GCC_WARN_64_TO_32_BIT_CONVERSION = YES;
				GCC_WARN_ABOUT_RETURN_TYPE = YES_ERROR;
				GCC_WARN_UNDECLARED_SELECTOR = YES;
				GCC_WARN_UNINITIALIZED_AUTOS = YES_AGGRESSIVE;
				GCC_WARN_UNUSED_FUNCTION = YES;
				GCC_WARN_UNUSED_VARIABLE = YES;
				IPHONEOS_DEPLOYMENT_TARGET = 9.0;
				MTL_ENABLE_DEBUG_INFO = INCLUDE_SOURCE;
				MTL_FAST_MATH = YES;
				ONLY_ACTIVE_ARCH = YES;
				SDKROOT = iphoneos;
				SWIFT_ACTIVE_COMPILATION_CONDITIONS = DEBUG;
				SWIFT_OPTIMIZATION_LEVEL = "-Onone";
			};
			name = Debug;
		};
		114F2D4E25997F13000FD43C /* Release */ = {
			isa = XCBuildConfiguration;
			buildSettings = {
				ALWAYS_SEARCH_USER_PATHS = NO;
				CLANG_ANALYZER_NONNULL = YES;
				CLANG_ANALYZER_NUMBER_OBJECT_CONVERSION = YES_AGGRESSIVE;
				CLANG_CXX_LANGUAGE_STANDARD = "gnu++14";
				CLANG_CXX_LIBRARY = "libc++";
				CLANG_ENABLE_MODULES = YES;
				CLANG_ENABLE_OBJC_ARC = YES;
				CLANG_ENABLE_OBJC_WEAK = YES;
				CLANG_WARN_BLOCK_CAPTURE_AUTORELEASING = YES;
				CLANG_WARN_BOOL_CONVERSION = YES;
				CLANG_WARN_COMMA = YES;
				CLANG_WARN_CONSTANT_CONVERSION = YES;
				CLANG_WARN_DEPRECATED_OBJC_IMPLEMENTATIONS = YES;
				CLANG_WARN_DIRECT_OBJC_ISA_USAGE = YES_ERROR;
				CLANG_WARN_DOCUMENTATION_COMMENTS = YES;
				CLANG_WARN_EMPTY_BODY = YES;
				CLANG_WARN_ENUM_CONVERSION = YES;
				CLANG_WARN_INFINITE_RECURSION = YES;
				CLANG_WARN_INT_CONVERSION = YES;
				CLANG_WARN_NON_LITERAL_NULL_CONVERSION = YES;
				CLANG_WARN_OBJC_IMPLICIT_RETAIN_SELF = YES;
				CLANG_WARN_OBJC_LITERAL_CONVERSION = YES;
				CLANG_WARN_OBJC_ROOT_CLASS = YES_ERROR;
				CLANG_WARN_QUOTED_INCLUDE_IN_FRAMEWORK_HEADER = YES;
				CLANG_WARN_RANGE_LOOP_ANALYSIS = YES;
				CLANG_WARN_STRICT_PROTOTYPES = YES;
				CLANG_WARN_SUSPICIOUS_MOVE = YES;
				CLANG_WARN_UNGUARDED_AVAILABILITY = YES_AGGRESSIVE;
				CLANG_WARN_UNREACHABLE_CODE = YES;
				CLANG_WARN__DUPLICATE_METHOD_MATCH = YES;
				COPY_PHASE_STRIP = NO;
				DEBUG_INFORMATION_FORMAT = "dwarf-with-dsym";
				ENABLE_NS_ASSERTIONS = NO;
				ENABLE_STRICT_OBJC_MSGSEND = YES;
				GCC_C_LANGUAGE_STANDARD = gnu11;
				GCC_NO_COMMON_BLOCKS = YES;
				GCC_WARN_64_TO_32_BIT_CONVERSION = YES;
				GCC_WARN_ABOUT_RETURN_TYPE = YES_ERROR;
				GCC_WARN_UNDECLARED_SELECTOR = YES;
				GCC_WARN_UNINITIALIZED_AUTOS = YES_AGGRESSIVE;
				GCC_WARN_UNUSED_FUNCTION = YES;
				GCC_WARN_UNUSED_VARIABLE = YES;
				IPHONEOS_DEPLOYMENT_TARGET = 9.0;
				MTL_ENABLE_DEBUG_INFO = NO;
				MTL_FAST_MATH = YES;
				SDKROOT = iphoneos;
				SWIFT_COMPILATION_MODE = wholemodule;
				SWIFT_OPTIMIZATION_LEVEL = "-O";
				VALIDATE_PRODUCT = YES;
			};
			name = Release;
		};
		114F2D5025997F13000FD43C /* Debug */ = {
			isa = XCBuildConfiguration;
			buildSettings = {
				ASSETCATALOG_COMPILER_APPICON_NAME = AppIcon;
				ASSETCATALOG_COMPILER_GLOBAL_ACCENT_COLOR_NAME = AccentColor;
				CODE_SIGN_STYLE = Automatic;
				DEVELOPMENT_TEAM = ZDZ3WE74TH;
				INFOPLIST_FILE = DYZB/Info.plist;
				LD_RUNPATH_SEARCH_PATHS = (
					"$(inherited)",
					"@executable_path/Frameworks",
				);
				PRODUCT_BUNDLE_IDENTIFIER = com.SZZN.DYZB;
				PRODUCT_NAME = "$(TARGET_NAME)";
				SWIFT_VERSION = 5.0;
				TARGETED_DEVICE_FAMILY = "1,2";
			};
			name = Debug;
		};
		114F2D5125997F13000FD43C /* Release */ = {
			isa = XCBuildConfiguration;
			buildSettings = {
				ASSETCATALOG_COMPILER_APPICON_NAME = AppIcon;
				ASSETCATALOG_COMPILER_GLOBAL_ACCENT_COLOR_NAME = AccentColor;
				CODE_SIGN_STYLE = Automatic;
				DEVELOPMENT_TEAM = ZDZ3WE74TH;
				INFOPLIST_FILE = DYZB/Info.plist;
				LD_RUNPATH_SEARCH_PATHS = (
					"$(inherited)",
					"@executable_path/Frameworks",
				);
				PRODUCT_BUNDLE_IDENTIFIER = com.SZZN.DYZB;
				PRODUCT_NAME = "$(TARGET_NAME)";
				SWIFT_VERSION = 5.0;
				TARGETED_DEVICE_FAMILY = "1,2";
			};
			name = Release;
		};
		114F2D5325997F13000FD43C /* Debug */ = {
			isa = XCBuildConfiguration;
			buildSettings = {
				ALWAYS_EMBED_SWIFT_STANDARD_LIBRARIES = YES;
				BUNDLE_LOADER = "$(TEST_HOST)";
				CODE_SIGN_STYLE = Automatic;
				DEVELOPMENT_TEAM = ZDZ3WE74TH;
				INFOPLIST_FILE = DYZBTests/Info.plist;
				IPHONEOS_DEPLOYMENT_TARGET = 14.3;
				LD_RUNPATH_SEARCH_PATHS = (
					"$(inherited)",
					"@executable_path/Frameworks",
					"@loader_path/Frameworks",
				);
				PRODUCT_BUNDLE_IDENTIFIER = com.SZZN.DYZBTests;
				PRODUCT_NAME = "$(TARGET_NAME)";
				SWIFT_VERSION = 5.0;
				TARGETED_DEVICE_FAMILY = "1,2";
				TEST_HOST = "$(BUILT_PRODUCTS_DIR)/DYZB.app/DYZB";
			};
			name = Debug;
		};
		114F2D5425997F13000FD43C /* Release */ = {
			isa = XCBuildConfiguration;
			buildSettings = {
				ALWAYS_EMBED_SWIFT_STANDARD_LIBRARIES = YES;
				BUNDLE_LOADER = "$(TEST_HOST)";
				CODE_SIGN_STYLE = Automatic;
				DEVELOPMENT_TEAM = ZDZ3WE74TH;
				INFOPLIST_FILE = DYZBTests/Info.plist;
				IPHONEOS_DEPLOYMENT_TARGET = 14.3;
				LD_RUNPATH_SEARCH_PATHS = (
					"$(inherited)",
					"@executable_path/Frameworks",
					"@loader_path/Frameworks",
				);
				PRODUCT_BUNDLE_IDENTIFIER = com.SZZN.DYZBTests;
				PRODUCT_NAME = "$(TARGET_NAME)";
				SWIFT_VERSION = 5.0;
				TARGETED_DEVICE_FAMILY = "1,2";
				TEST_HOST = "$(BUILT_PRODUCTS_DIR)/DYZB.app/DYZB";
			};
			name = Release;
		};
		114F2D5625997F13000FD43C /* Debug */ = {
			isa = XCBuildConfiguration;
			buildSettings = {
				ALWAYS_EMBED_SWIFT_STANDARD_LIBRARIES = YES;
				CODE_SIGN_STYLE = Automatic;
				DEVELOPMENT_TEAM = ZDZ3WE74TH;
				INFOPLIST_FILE = DYZBUITests/Info.plist;
				LD_RUNPATH_SEARCH_PATHS = (
					"$(inherited)",
					"@executable_path/Frameworks",
					"@loader_path/Frameworks",
				);
				PRODUCT_BUNDLE_IDENTIFIER = com.SZZN.DYZBUITests;
				PRODUCT_NAME = "$(TARGET_NAME)";
				SWIFT_VERSION = 5.0;
				TARGETED_DEVICE_FAMILY = "1,2";
				TEST_TARGET_NAME = DYZB;
			};
			name = Debug;
		};
		114F2D5725997F13000FD43C /* Release */ = {
			isa = XCBuildConfiguration;
			buildSettings = {
				ALWAYS_EMBED_SWIFT_STANDARD_LIBRARIES = YES;
				CODE_SIGN_STYLE = Automatic;
				DEVELOPMENT_TEAM = ZDZ3WE74TH;
				INFOPLIST_FILE = DYZBUITests/Info.plist;
				LD_RUNPATH_SEARCH_PATHS = (
					"$(inherited)",
					"@executable_path/Frameworks",
					"@loader_path/Frameworks",
				);
				PRODUCT_BUNDLE_IDENTIFIER = com.SZZN.DYZBUITests;
				PRODUCT_NAME = "$(TARGET_NAME)";
				SWIFT_VERSION = 5.0;
				TARGETED_DEVICE_FAMILY = "1,2";
				TEST_TARGET_NAME = DYZB;
			};
			name = Release;
		};
/* End XCBuildConfiguration section */

/* Begin XCConfigurationList section */
		114F2D1D25997F10000FD43C /* Build configuration list for PBXProject "DYZB" */ = {
			isa = XCConfigurationList;
			buildConfigurations = (
				114F2D4D25997F13000FD43C /* Debug */,
				114F2D4E25997F13000FD43C /* Release */,
			);
			defaultConfigurationIsVisible = 0;
			defaultConfigurationName = Release;
		};
		114F2D4F25997F13000FD43C /* Build configuration list for PBXNativeTarget "DYZB" */ = {
			isa = XCConfigurationList;
			buildConfigurations = (
				114F2D5025997F13000FD43C /* Debug */,
				114F2D5125997F13000FD43C /* Release */,
			);
			defaultConfigurationIsVisible = 0;
			defaultConfigurationName = Release;
		};
		114F2D5225997F13000FD43C /* Build configuration list for PBXNativeTarget "DYZBTests" */ = {
			isa = XCConfigurationList;
			buildConfigurations = (
				114F2D5325997F13000FD43C /* Debug */,
				114F2D5425997F13000FD43C /* Release */,
			);
			defaultConfigurationIsVisible = 0;
			defaultConfigurationName = Release;
		};
		114F2D5525997F13000FD43C /* Build configuration list for PBXNativeTarget "DYZBUITests" */ = {
			isa = XCConfigurationList;
			buildConfigurations = (
				114F2D5625997F13000FD43C /* Debug */,
				114F2D5725997F13000FD43C /* Release */,
			);
			defaultConfigurationIsVisible = 0;
			defaultConfigurationName = Release;
		};
/* End XCConfigurationList section */

/* Begin XCVersionGroup section */
		114F2D2E25997F10000FD43C /* DYZB.xcdatamodeld */ = {
			isa = XCVersionGroup;
			children = (
				114F2D2F25997F10000FD43C /* DYZB.xcdatamodel */,
			);
			currentVersion = 114F2D2F25997F10000FD43C /* DYZB.xcdatamodel */;
			path = DYZB.xcdatamodeld;
			sourceTree = "<group>";
			versionGroupType = wrapper.xcdatamodel;
		};
/* End XCVersionGroup section */
	};
	rootObject = 114F2D1A25997F10000FD43C /* Project object */;
}
